
Microsoft Visual Studio Solution File, Format Version 12.00
# Visual Studio Version 16
VisualStudioVersion = 16.0.28803.352
MinimumVisualStudioVersion = 15.0.26124.0
Project("{9A19103F-16F7-4668-BE54-9A1E7A4F7556}") = "MyCRM.API", "MyCRM.API\MyCRM.API.csproj", "{ABEEEE11-B98B-42AF-BBB8-99CCF0AFD9EF}"
EndProject
Project("{9A19103F-16F7-4668-BE54-9A1E7A4F7556}") = "IdentityServerAspNetIdentity", "IdentityServerAspNetIdentity\IdentityServerAspNetIdentity.csproj", "{F571F0DB-2194-4EAC-9966-7A5551C4C4D4}"
	ProjectSection(ProjectDependencies) = postProject
		{11EFCAEE-23AC-4524-A22F-B1B63CB661FA} = {11EFCAEE-23AC-4524-A22F-B1B63CB661FA}
	EndProjectSection
EndProject
Project("{9A19103F-16F7-4668-BE54-9A1E7A4F7556}") = "MyCRM.Shared", "MyCRM.Shared\MyCRM.Shared.csproj", "{11EFCAEE-23AC-4524-A22F-B1B63CB661FA}"
EndProject
Project("{9A19103F-16F7-4668-BE54-9A1E7A4F7556}") = "MyCRM.Services", "MyCRM.Services\MyCRM.Services.csproj", "{104337B3-60F2-430B-BA10-7892F7C5C16C}"
EndProject
Project("{9A19103F-16F7-4668-BE54-9A1E7A4F7556}") = "MyCRM.Persistence", "MyCRM.Persistence\MyCRM.Persistence.csproj", "{2F4FF850-2213-4CB1-A985-589E545B538D}"
EndProject
Project("{9A19103F-16F7-4668-BE54-9A1E7A4F7556}") = "Client", "Client\Client.csproj", "{55CA0F39-4682-4CDF-9651-13DC103237B3}"
	ProjectSection(ProjectDependencies) = postProject
		{11EFCAEE-23AC-4524-A22F-B1B63CB661FA} = {11EFCAEE-23AC-4524-A22F-B1B63CB661FA}
	EndProjectSection
EndProject
Project("{9A19103F-16F7-4668-BE54-9A1E7A4F7556}") = "ETLib", "ETLib\ETLib.csproj", "{76861E32-C4CB-49EF-B420-338979283014}"
EndProject
Project("{2150E333-8FDC-42A3-9474-1A3956D46DE8}") = "DeploymentMUSTREAD", "DeploymentMUSTREAD", "{22FFD721-02AD-4B0C-A590-AAD854EE21B3}"
	ProjectSection(SolutionItems) = preProject
		Docs.txt = Docs.txt
	EndProjectSection
EndProject
Global
	GlobalSection(SolutionConfigurationPlatforms) = preSolution
		Ad-Hoc|Any CPU = Ad-Hoc|Any CPU
		Ad-Hoc|ARM = Ad-Hoc|ARM
		Ad-Hoc|iPhone = Ad-Hoc|iPhone
		Ad-Hoc|iPhoneSimulator = Ad-Hoc|iPhoneSimulator
		Ad-Hoc|x64 = Ad-Hoc|x64
		Ad-Hoc|x86 = Ad-Hoc|x86
		AppStore|Any CPU = AppStore|Any CPU
		AppStore|ARM = AppStore|ARM
		AppStore|iPhone = AppStore|iPhone
		AppStore|iPhoneSimulator = AppStore|iPhoneSimulator
		AppStore|x64 = AppStore|x64
		AppStore|x86 = AppStore|x86
		Debug|Any CPU = Debug|Any CPU
		Debug|ARM = Debug|ARM
		Debug|iPhone = Debug|iPhone
		Debug|iPhoneSimulator = Debug|iPhoneSimulator
		Debug|x64 = Debug|x64
		Debug|x86 = Debug|x86
		Release|Any CPU = Release|Any CPU
		Release|ARM = Release|ARM
		Release|iPhone = Release|iPhone
		Release|iPhoneSimulator = Release|iPhoneSimulator
		Release|x64 = Release|x64
		Release|x86 = Release|x86
	EndGlobalSection
	GlobalSection(ProjectConfigurationPlatforms) = postSolution
		{ABEEEE11-B98B-42AF-BBB8-99CCF0AFD9EF}.Ad-Hoc|Any CPU.ActiveCfg = Release|Any CPU
		{ABEEEE11-B98B-42AF-BBB8-99CCF0AFD9EF}.Ad-Hoc|Any CPU.Build.0 = Release|Any CPU
		{ABEEEE11-B98B-42AF-BBB8-99CCF0AFD9EF}.Ad-Hoc|ARM.ActiveCfg = Release|Any CPU
		{ABEEEE11-B98B-42AF-BBB8-99CCF0AFD9EF}.Ad-Hoc|ARM.Build.0 = Release|Any CPU
		{ABEEEE11-B98B-42AF-BBB8-99CCF0AFD9EF}.Ad-Hoc|iPhone.ActiveCfg = Release|Any CPU
		{ABEEEE11-B98B-42AF-BBB8-99CCF0AFD9EF}.Ad-Hoc|iPhone.Build.0 = Release|Any CPU
		{ABEEEE11-B98B-42AF-BBB8-99CCF0AFD9EF}.Ad-Hoc|iPhoneSimulator.ActiveCfg = Release|Any CPU
		{ABEEEE11-B98B-42AF-BBB8-99CCF0AFD9EF}.Ad-Hoc|iPhoneSimulator.Build.0 = Release|Any CPU
		{ABEEEE11-B98B-42AF-BBB8-99CCF0AFD9EF}.Ad-Hoc|x64.ActiveCfg = Release|Any CPU
		{ABEEEE11-B98B-42AF-BBB8-99CCF0AFD9EF}.Ad-Hoc|x64.Build.0 = Release|Any CPU
		{ABEEEE11-B98B-42AF-BBB8-99CCF0AFD9EF}.Ad-Hoc|x86.ActiveCfg = Release|Any CPU
		{ABEEEE11-B98B-42AF-BBB8-99CCF0AFD9EF}.Ad-Hoc|x86.Build.0 = Release|Any CPU
		{ABEEEE11-B98B-42AF-BBB8-99CCF0AFD9EF}.AppStore|Any CPU.ActiveCfg = Release|Any CPU
		{ABEEEE11-B98B-42AF-BBB8-99CCF0AFD9EF}.AppStore|Any CPU.Build.0 = Release|Any CPU
		{ABEEEE11-B98B-42AF-BBB8-99CCF0AFD9EF}.AppStore|ARM.ActiveCfg = Release|Any CPU
		{ABEEEE11-B98B-42AF-BBB8-99CCF0AFD9EF}.AppStore|ARM.Build.0 = Release|Any CPU
		{ABEEEE11-B98B-42AF-BBB8-99CCF0AFD9EF}.AppStore|iPhone.ActiveCfg = Release|Any CPU
		{ABEEEE11-B98B-42AF-BBB8-99CCF0AFD9EF}.AppStore|iPhone.Build.0 = Release|Any CPU
		{ABEEEE11-B98B-42AF-BBB8-99CCF0AFD9EF}.AppStore|iPhoneSimulator.ActiveCfg = Release|Any CPU
		{ABEEEE11-B98B-42AF-BBB8-99CCF0AFD9EF}.AppStore|iPhoneSimulator.Build.0 = Release|Any CPU
		{ABEEEE11-B98B-42AF-BBB8-99CCF0AFD9EF}.AppStore|x64.ActiveCfg = Release|Any CPU
		{ABEEEE11-B98B-42AF-BBB8-99CCF0AFD9EF}.AppStore|x64.Build.0 = Release|Any CPU
		{ABEEEE11-B98B-42AF-BBB8-99CCF0AFD9EF}.AppStore|x86.ActiveCfg = Release|Any CPU
		{ABEEEE11-B98B-42AF-BBB8-99CCF0AFD9EF}.AppStore|x86.Build.0 = Release|Any CPU
		{ABEEEE11-B98B-42AF-BBB8-99CCF0AFD9EF}.Debug|Any CPU.ActiveCfg = Debug|Any CPU
		{ABEEEE11-B98B-42AF-BBB8-99CCF0AFD9EF}.Debug|Any CPU.Build.0 = Debug|Any CPU
		{ABEEEE11-B98B-42AF-BBB8-99CCF0AFD9EF}.Debug|ARM.ActiveCfg = Debug|Any CPU
		{ABEEEE11-B98B-42AF-BBB8-99CCF0AFD9EF}.Debug|ARM.Build.0 = Debug|Any CPU
		{ABEEEE11-B98B-42AF-BBB8-99CCF0AFD9EF}.Debug|iPhone.ActiveCfg = Debug|Any CPU
		{ABEEEE11-B98B-42AF-BBB8-99CCF0AFD9EF}.Debug|iPhone.Build.0 = Debug|Any CPU
		{ABEEEE11-B98B-42AF-BBB8-99CCF0AFD9EF}.Debug|iPhoneSimulator.ActiveCfg = Debug|Any CPU
		{ABEEEE11-B98B-42AF-BBB8-99CCF0AFD9EF}.Debug|iPhoneSimulator.Build.0 = Debug|Any CPU
		{ABEEEE11-B98B-42AF-BBB8-99CCF0AFD9EF}.Debug|x64.ActiveCfg = Debug|Any CPU
		{ABEEEE11-B98B-42AF-BBB8-99CCF0AFD9EF}.Debug|x64.Build.0 = Debug|Any CPU
		{ABEEEE11-B98B-42AF-BBB8-99CCF0AFD9EF}.Debug|x86.ActiveCfg = Debug|Any CPU
		{ABEEEE11-B98B-42AF-BBB8-99CCF0AFD9EF}.Debug|x86.Build.0 = Debug|Any CPU
		{ABEEEE11-B98B-42AF-BBB8-99CCF0AFD9EF}.Release|Any CPU.ActiveCfg = Release|Any CPU
		{ABEEEE11-B98B-42AF-BBB8-99CCF0AFD9EF}.Release|Any CPU.Build.0 = Release|Any CPU
		{ABEEEE11-B98B-42AF-BBB8-99CCF0AFD9EF}.Release|ARM.ActiveCfg = Release|Any CPU
		{ABEEEE11-B98B-42AF-BBB8-99CCF0AFD9EF}.Release|ARM.Build.0 = Release|Any CPU
		{ABEEEE11-B98B-42AF-BBB8-99CCF0AFD9EF}.Release|iPhone.ActiveCfg = Release|Any CPU
		{ABEEEE11-B98B-42AF-BBB8-99CCF0AFD9EF}.Release|iPhone.Build.0 = Release|Any CPU
		{ABEEEE11-B98B-42AF-BBB8-99CCF0AFD9EF}.Release|iPhoneSimulator.ActiveCfg = Release|Any CPU
		{ABEEEE11-B98B-42AF-BBB8-99CCF0AFD9EF}.Release|iPhoneSimulator.Build.0 = Release|Any CPU
		{ABEEEE11-B98B-42AF-BBB8-99CCF0AFD9EF}.Release|x64.ActiveCfg = Release|Any CPU
		{ABEEEE11-B98B-42AF-BBB8-99CCF0AFD9EF}.Release|x64.Build.0 = Release|Any CPU
		{ABEEEE11-B98B-42AF-BBB8-99CCF0AFD9EF}.Release|x86.ActiveCfg = Release|Any CPU
		{ABEEEE11-B98B-42AF-BBB8-99CCF0AFD9EF}.Release|x86.Build.0 = Release|Any CPU
		{F571F0DB-2194-4EAC-9966-7A5551C4C4D4}.Ad-Hoc|Any CPU.ActiveCfg = Release|Any CPU
		{F571F0DB-2194-4EAC-9966-7A5551C4C4D4}.Ad-Hoc|Any CPU.Build.0 = Release|Any CPU
		{F571F0DB-2194-4EAC-9966-7A5551C4C4D4}.Ad-Hoc|ARM.ActiveCfg = Release|Any CPU
		{F571F0DB-2194-4EAC-9966-7A5551C4C4D4}.Ad-Hoc|ARM.Build.0 = Release|Any CPU
		{F571F0DB-2194-4EAC-9966-7A5551C4C4D4}.Ad-Hoc|iPhone.ActiveCfg = Release|Any CPU
		{F571F0DB-2194-4EAC-9966-7A5551C4C4D4}.Ad-Hoc|iPhone.Build.0 = Release|Any CPU
		{F571F0DB-2194-4EAC-9966-7A5551C4C4D4}.Ad-Hoc|iPhoneSimulator.ActiveCfg = Release|Any CPU
		{F571F0DB-2194-4EAC-9966-7A5551C4C4D4}.Ad-Hoc|iPhoneSimulator.Build.0 = Release|Any CPU
		{F571F0DB-2194-4EAC-9966-7A5551C4C4D4}.Ad-Hoc|x64.ActiveCfg = Release|Any CPU
		{F571F0DB-2194-4EAC-9966-7A5551C4C4D4}.Ad-Hoc|x64.Build.0 = Release|Any CPU
		{F571F0DB-2194-4EAC-9966-7A5551C4C4D4}.Ad-Hoc|x86.ActiveCfg = Release|Any CPU
		{F571F0DB-2194-4EAC-9966-7A5551C4C4D4}.Ad-Hoc|x86.Build.0 = Release|Any CPU
		{F571F0DB-2194-4EAC-9966-7A5551C4C4D4}.AppStore|Any CPU.ActiveCfg = Release|Any CPU
		{F571F0DB-2194-4EAC-9966-7A5551C4C4D4}.AppStore|Any CPU.Build.0 = Release|Any CPU
		{F571F0DB-2194-4EAC-9966-7A5551C4C4D4}.AppStore|ARM.ActiveCfg = Release|Any CPU
		{F571F0DB-2194-4EAC-9966-7A5551C4C4D4}.AppStore|ARM.Build.0 = Release|Any CPU
		{F571F0DB-2194-4EAC-9966-7A5551C4C4D4}.AppStore|iPhone.ActiveCfg = Release|Any CPU
		{F571F0DB-2194-4EAC-9966-7A5551C4C4D4}.AppStore|iPhone.Build.0 = Release|Any CPU
		{F571F0DB-2194-4EAC-9966-7A5551C4C4D4}.AppStore|iPhoneSimulator.ActiveCfg = Release|Any CPU
		{F571F0DB-2194-4EAC-9966-7A5551C4C4D4}.AppStore|iPhoneSimulator.Build.0 = Release|Any CPU
		{F571F0DB-2194-4EAC-9966-7A5551C4C4D4}.AppStore|x64.ActiveCfg = Release|Any CPU
		{F571F0DB-2194-4EAC-9966-7A5551C4C4D4}.AppStore|x64.Build.0 = Release|Any CPU
		{F571F0DB-2194-4EAC-9966-7A5551C4C4D4}.AppStore|x86.ActiveCfg = Release|Any CPU
		{F571F0DB-2194-4EAC-9966-7A5551C4C4D4}.AppStore|x86.Build.0 = Release|Any CPU
		{F571F0DB-2194-4EAC-9966-7A5551C4C4D4}.Debug|Any CPU.ActiveCfg = Debug|Any CPU
		{F571F0DB-2194-4EAC-9966-7A5551C4C4D4}.Debug|Any CPU.Build.0 = Debug|Any CPU
		{F571F0DB-2194-4EAC-9966-7A5551C4C4D4}.Debug|ARM.ActiveCfg = Debug|Any CPU
		{F571F0DB-2194-4EAC-9966-7A5551C4C4D4}.Debug|ARM.Build.0 = Debug|Any CPU
		{F571F0DB-2194-4EAC-9966-7A5551C4C4D4}.Debug|iPhone.ActiveCfg = Debug|Any CPU
		{F571F0DB-2194-4EAC-9966-7A5551C4C4D4}.Debug|iPhone.Build.0 = Debug|Any CPU
		{F571F0DB-2194-4EAC-9966-7A5551C4C4D4}.Debug|iPhoneSimulator.ActiveCfg = Debug|Any CPU
		{F571F0DB-2194-4EAC-9966-7A5551C4C4D4}.Debug|iPhoneSimulator.Build.0 = Debug|Any CPU
		{F571F0DB-2194-4EAC-9966-7A5551C4C4D4}.Debug|x64.ActiveCfg = Debug|Any CPU
		{F571F0DB-2194-4EAC-9966-7A5551C4C4D4}.Debug|x64.Build.0 = Debug|Any CPU
		{F571F0DB-2194-4EAC-9966-7A5551C4C4D4}.Debug|x86.ActiveCfg = Debug|Any CPU
		{F571F0DB-2194-4EAC-9966-7A5551C4C4D4}.Debug|x86.Build.0 = Debug|Any CPU
		{F571F0DB-2194-4EAC-9966-7A5551C4C4D4}.Release|Any CPU.ActiveCfg = Release|Any CPU
		{F571F0DB-2194-4EAC-9966-7A5551C4C4D4}.Release|Any CPU.Build.0 = Release|Any CPU
		{F571F0DB-2194-4EAC-9966-7A5551C4C4D4}.Release|ARM.ActiveCfg = Release|Any CPU
		{F571F0DB-2194-4EAC-9966-7A5551C4C4D4}.Release|ARM.Build.0 = Release|Any CPU
		{F571F0DB-2194-4EAC-9966-7A5551C4C4D4}.Release|iPhone.ActiveCfg = Release|Any CPU
		{F571F0DB-2194-4EAC-9966-7A5551C4C4D4}.Release|iPhone.Build.0 = Release|Any CPU
		{F571F0DB-2194-4EAC-9966-7A5551C4C4D4}.Release|iPhoneSimulator.ActiveCfg = Release|Any CPU
		{F571F0DB-2194-4EAC-9966-7A5551C4C4D4}.Release|iPhoneSimulator.Build.0 = Release|Any CPU
		{F571F0DB-2194-4EAC-9966-7A5551C4C4D4}.Release|x64.ActiveCfg = Release|Any CPU
		{F571F0DB-2194-4EAC-9966-7A5551C4C4D4}.Release|x64.Build.0 = Release|Any CPU
		{F571F0DB-2194-4EAC-9966-7A5551C4C4D4}.Release|x86.ActiveCfg = Release|Any CPU
		{F571F0DB-2194-4EAC-9966-7A5551C4C4D4}.Release|x86.Build.0 = Release|Any CPU
		{11EFCAEE-23AC-4524-A22F-B1B63CB661FA}.Ad-Hoc|Any CPU.ActiveCfg = Debug|Any CPU
		{11EFCAEE-23AC-4524-A22F-B1B63CB661FA}.Ad-Hoc|Any CPU.Build.0 = Debug|Any CPU
		{11EFCAEE-23AC-4524-A22F-B1B63CB661FA}.Ad-Hoc|ARM.ActiveCfg = Debug|Any CPU
		{11EFCAEE-23AC-4524-A22F-B1B63CB661FA}.Ad-Hoc|ARM.Build.0 = Debug|Any CPU
		{11EFCAEE-23AC-4524-A22F-B1B63CB661FA}.Ad-Hoc|iPhone.ActiveCfg = Debug|Any CPU
		{11EFCAEE-23AC-4524-A22F-B1B63CB661FA}.Ad-Hoc|iPhone.Build.0 = Debug|Any CPU
		{11EFCAEE-23AC-4524-A22F-B1B63CB661FA}.Ad-Hoc|iPhoneSimulator.ActiveCfg = Debug|Any CPU
		{11EFCAEE-23AC-4524-A22F-B1B63CB661FA}.Ad-Hoc|iPhoneSimulator.Build.0 = Debug|Any CPU
		{11EFCAEE-23AC-4524-A22F-B1B63CB661FA}.Ad-Hoc|x64.ActiveCfg = Debug|Any CPU
		{11EFCAEE-23AC-4524-A22F-B1B63CB661FA}.Ad-Hoc|x64.Build.0 = Debug|Any CPU
		{11EFCAEE-23AC-4524-A22F-B1B63CB661FA}.Ad-Hoc|x86.ActiveCfg = Debug|Any CPU
		{11EFCAEE-23AC-4524-A22F-B1B63CB661FA}.Ad-Hoc|x86.Build.0 = Debug|Any CPU
		{11EFCAEE-23AC-4524-A22F-B1B63CB661FA}.AppStore|Any CPU.ActiveCfg = Debug|Any CPU
		{11EFCAEE-23AC-4524-A22F-B1B63CB661FA}.AppStore|Any CPU.Build.0 = Debug|Any CPU
		{11EFCAEE-23AC-4524-A22F-B1B63CB661FA}.AppStore|ARM.ActiveCfg = Debug|Any CPU
		{11EFCAEE-23AC-4524-A22F-B1B63CB661FA}.AppStore|ARM.Build.0 = Debug|Any CPU
		{11EFCAEE-23AC-4524-A22F-B1B63CB661FA}.AppStore|iPhone.ActiveCfg = Debug|Any CPU
		{11EFCAEE-23AC-4524-A22F-B1B63CB661FA}.AppStore|iPhone.Build.0 = Debug|Any CPU
		{11EFCAEE-23AC-4524-A22F-B1B63CB661FA}.AppStore|iPhoneSimulator.ActiveCfg = Debug|Any CPU
		{11EFCAEE-23AC-4524-A22F-B1B63CB661FA}.AppStore|iPhoneSimulator.Build.0 = Debug|Any CPU
		{11EFCAEE-23AC-4524-A22F-B1B63CB661FA}.AppStore|x64.ActiveCfg = Debug|Any CPU
		{11EFCAEE-23AC-4524-A22F-B1B63CB661FA}.AppStore|x64.Build.0 = Debug|Any CPU
		{11EFCAEE-23AC-4524-A22F-B1B63CB661FA}.AppStore|x86.ActiveCfg = Debug|Any CPU
		{11EFCAEE-23AC-4524-A22F-B1B63CB661FA}.AppStore|x86.Build.0 = Debug|Any CPU
		{11EFCAEE-23AC-4524-A22F-B1B63CB661FA}.Debug|Any CPU.ActiveCfg = Debug|Any CPU
		{11EFCAEE-23AC-4524-A22F-B1B63CB661FA}.Debug|Any CPU.Build.0 = Debug|Any CPU
		{11EFCAEE-23AC-4524-A22F-B1B63CB661FA}.Debug|ARM.ActiveCfg = Debug|Any CPU
		{11EFCAEE-23AC-4524-A22F-B1B63CB661FA}.Debug|ARM.Build.0 = Debug|Any CPU
		{11EFCAEE-23AC-4524-A22F-B1B63CB661FA}.Debug|iPhone.ActiveCfg = Debug|Any CPU
		{11EFCAEE-23AC-4524-A22F-B1B63CB661FA}.Debug|iPhone.Build.0 = Debug|Any CPU
		{11EFCAEE-23AC-4524-A22F-B1B63CB661FA}.Debug|iPhoneSimulator.ActiveCfg = Debug|Any CPU
		{11EFCAEE-23AC-4524-A22F-B1B63CB661FA}.Debug|iPhoneSimulator.Build.0 = Debug|Any CPU
		{11EFCAEE-23AC-4524-A22F-B1B63CB661FA}.Debug|x64.ActiveCfg = Debug|Any CPU
		{11EFCAEE-23AC-4524-A22F-B1B63CB661FA}.Debug|x64.Build.0 = Debug|Any CPU
		{11EFCAEE-23AC-4524-A22F-B1B63CB661FA}.Debug|x86.ActiveCfg = Debug|Any CPU
		{11EFCAEE-23AC-4524-A22F-B1B63CB661FA}.Debug|x86.Build.0 = Debug|Any CPU
		{11EFCAEE-23AC-4524-A22F-B1B63CB661FA}.Release|Any CPU.ActiveCfg = Release|Any CPU
		{11EFCAEE-23AC-4524-A22F-B1B63CB661FA}.Release|Any CPU.Build.0 = Release|Any CPU
		{11EFCAEE-23AC-4524-A22F-B1B63CB661FA}.Release|ARM.ActiveCfg = Release|Any CPU
		{11EFCAEE-23AC-4524-A22F-B1B63CB661FA}.Release|ARM.Build.0 = Release|Any CPU
		{11EFCAEE-23AC-4524-A22F-B1B63CB661FA}.Release|iPhone.ActiveCfg = Release|Any CPU
		{11EFCAEE-23AC-4524-A22F-B1B63CB661FA}.Release|iPhone.Build.0 = Release|Any CPU
		{11EFCAEE-23AC-4524-A22F-B1B63CB661FA}.Release|iPhoneSimulator.ActiveCfg = Release|Any CPU
		{11EFCAEE-23AC-4524-A22F-B1B63CB661FA}.Release|iPhoneSimulator.Build.0 = Release|Any CPU
		{11EFCAEE-23AC-4524-A22F-B1B63CB661FA}.Release|x64.ActiveCfg = Release|Any CPU
		{11EFCAEE-23AC-4524-A22F-B1B63CB661FA}.Release|x64.Build.0 = Release|Any CPU
		{11EFCAEE-23AC-4524-A22F-B1B63CB661FA}.Release|x86.ActiveCfg = Release|Any CPU
		{11EFCAEE-23AC-4524-A22F-B1B63CB661FA}.Release|x86.Build.0 = Release|Any CPU
		{104337B3-60F2-430B-BA10-7892F7C5C16C}.Ad-Hoc|Any CPU.ActiveCfg = Debug|Any CPU
		{104337B3-60F2-430B-BA10-7892F7C5C16C}.Ad-Hoc|Any CPU.Build.0 = Debug|Any CPU
		{104337B3-60F2-430B-BA10-7892F7C5C16C}.Ad-Hoc|ARM.ActiveCfg = Debug|Any CPU
		{104337B3-60F2-430B-BA10-7892F7C5C16C}.Ad-Hoc|ARM.Build.0 = Debug|Any CPU
		{104337B3-60F2-430B-BA10-7892F7C5C16C}.Ad-Hoc|iPhone.ActiveCfg = Debug|Any CPU
		{104337B3-60F2-430B-BA10-7892F7C5C16C}.Ad-Hoc|iPhone.Build.0 = Debug|Any CPU
		{104337B3-60F2-430B-BA10-7892F7C5C16C}.Ad-Hoc|iPhoneSimulator.ActiveCfg = Debug|Any CPU
		{104337B3-60F2-430B-BA10-7892F7C5C16C}.Ad-Hoc|iPhoneSimulator.Build.0 = Debug|Any CPU
		{104337B3-60F2-430B-BA10-7892F7C5C16C}.Ad-Hoc|x64.ActiveCfg = Debug|Any CPU
		{104337B3-60F2-430B-BA10-7892F7C5C16C}.Ad-Hoc|x64.Build.0 = Debug|Any CPU
		{104337B3-60F2-430B-BA10-7892F7C5C16C}.Ad-Hoc|x86.ActiveCfg = Debug|Any CPU
		{104337B3-60F2-430B-BA10-7892F7C5C16C}.Ad-Hoc|x86.Build.0 = Debug|Any CPU
		{104337B3-60F2-430B-BA10-7892F7C5C16C}.AppStore|Any CPU.ActiveCfg = Debug|Any CPU
		{104337B3-60F2-430B-BA10-7892F7C5C16C}.AppStore|Any CPU.Build.0 = Debug|Any CPU
		{104337B3-60F2-430B-BA10-7892F7C5C16C}.AppStore|ARM.ActiveCfg = Debug|Any CPU
		{104337B3-60F2-430B-BA10-7892F7C5C16C}.AppStore|ARM.Build.0 = Debug|Any CPU
		{104337B3-60F2-430B-BA10-7892F7C5C16C}.AppStore|iPhone.ActiveCfg = Debug|Any CPU
		{104337B3-60F2-430B-BA10-7892F7C5C16C}.AppStore|iPhone.Build.0 = Debug|Any CPU
		{104337B3-60F2-430B-BA10-7892F7C5C16C}.AppStore|iPhoneSimulator.ActiveCfg = Debug|Any CPU
		{104337B3-60F2-430B-BA10-7892F7C5C16C}.AppStore|iPhoneSimulator.Build.0 = Debug|Any CPU
		{104337B3-60F2-430B-BA10-7892F7C5C16C}.AppStore|x64.ActiveCfg = Debug|Any CPU
		{104337B3-60F2-430B-BA10-7892F7C5C16C}.AppStore|x64.Build.0 = Debug|Any CPU
		{104337B3-60F2-430B-BA10-7892F7C5C16C}.AppStore|x86.ActiveCfg = Debug|Any CPU
		{104337B3-60F2-430B-BA10-7892F7C5C16C}.AppStore|x86.Build.0 = Debug|Any CPU
		{104337B3-60F2-430B-BA10-7892F7C5C16C}.Debug|Any CPU.ActiveCfg = Debug|Any CPU
		{104337B3-60F2-430B-BA10-7892F7C5C16C}.Debug|Any CPU.Build.0 = Debug|Any CPU
		{104337B3-60F2-430B-BA10-7892F7C5C16C}.Debug|ARM.ActiveCfg = Debug|Any CPU
		{104337B3-60F2-430B-BA10-7892F7C5C16C}.Debug|ARM.Build.0 = Debug|Any CPU
		{104337B3-60F2-430B-BA10-7892F7C5C16C}.Debug|iPhone.ActiveCfg = Debug|Any CPU
		{104337B3-60F2-430B-BA10-7892F7C5C16C}.Debug|iPhone.Build.0 = Debug|Any CPU
		{104337B3-60F2-430B-BA10-7892F7C5C16C}.Debug|iPhoneSimulator.ActiveCfg = Debug|Any CPU
		{104337B3-60F2-430B-BA10-7892F7C5C16C}.Debug|iPhoneSimulator.Build.0 = Debug|Any CPU
		{104337B3-60F2-430B-BA10-7892F7C5C16C}.Debug|x64.ActiveCfg = Debug|Any CPU
		{104337B3-60F2-430B-BA10-7892F7C5C16C}.Debug|x64.Build.0 = Debug|Any CPU
		{104337B3-60F2-430B-BA10-7892F7C5C16C}.Debug|x86.ActiveCfg = Debug|Any CPU
		{104337B3-60F2-430B-BA10-7892F7C5C16C}.Debug|x86.Build.0 = Debug|Any CPU
		{104337B3-60F2-430B-BA10-7892F7C5C16C}.Release|Any CPU.ActiveCfg = Release|Any CPU
		{104337B3-60F2-430B-BA10-7892F7C5C16C}.Release|Any CPU.Build.0 = Release|Any CPU
		{104337B3-60F2-430B-BA10-7892F7C5C16C}.Release|ARM.ActiveCfg = Release|Any CPU
		{104337B3-60F2-430B-BA10-7892F7C5C16C}.Release|ARM.Build.0 = Release|Any CPU
		{104337B3-60F2-430B-BA10-7892F7C5C16C}.Release|iPhone.ActiveCfg = Release|Any CPU
		{104337B3-60F2-430B-BA10-7892F7C5C16C}.Release|iPhone.Build.0 = Release|Any CPU
		{104337B3-60F2-430B-BA10-7892F7C5C16C}.Release|iPhoneSimulator.ActiveCfg = Release|Any CPU
		{104337B3-60F2-430B-BA10-7892F7C5C16C}.Release|iPhoneSimulator.Build.0 = Release|Any CPU
		{104337B3-60F2-430B-BA10-7892F7C5C16C}.Release|x64.ActiveCfg = Release|Any CPU
		{104337B3-60F2-430B-BA10-7892F7C5C16C}.Release|x64.Build.0 = Release|Any CPU
		{104337B3-60F2-430B-BA10-7892F7C5C16C}.Release|x86.ActiveCfg = Release|Any CPU
		{104337B3-60F2-430B-BA10-7892F7C5C16C}.Release|x86.Build.0 = Release|Any CPU
		{2F4FF850-2213-4CB1-A985-589E545B538D}.Ad-Hoc|Any CPU.ActiveCfg = Debug|Any CPU
		{2F4FF850-2213-4CB1-A985-589E545B538D}.Ad-Hoc|Any CPU.Build.0 = Debug|Any CPU
		{2F4FF850-2213-4CB1-A985-589E545B538D}.Ad-Hoc|ARM.ActiveCfg = Debug|Any CPU
		{2F4FF850-2213-4CB1-A985-589E545B538D}.Ad-Hoc|ARM.Build.0 = Debug|Any CPU
		{2F4FF850-2213-4CB1-A985-589E545B538D}.Ad-Hoc|iPhone.ActiveCfg = Debug|Any CPU
		{2F4FF850-2213-4CB1-A985-589E545B538D}.Ad-Hoc|iPhone.Build.0 = Debug|Any CPU
		{2F4FF850-2213-4CB1-A985-589E545B538D}.Ad-Hoc|iPhoneSimulator.ActiveCfg = Debug|Any CPU
		{2F4FF850-2213-4CB1-A985-589E545B538D}.Ad-Hoc|iPhoneSimulator.Build.0 = Debug|Any CPU
		{2F4FF850-2213-4CB1-A985-589E545B538D}.Ad-Hoc|x64.ActiveCfg = Debug|Any CPU
		{2F4FF850-2213-4CB1-A985-589E545B538D}.Ad-Hoc|x64.Build.0 = Debug|Any CPU
		{2F4FF850-2213-4CB1-A985-589E545B538D}.Ad-Hoc|x86.ActiveCfg = Debug|Any CPU
		{2F4FF850-2213-4CB1-A985-589E545B538D}.Ad-Hoc|x86.Build.0 = Debug|Any CPU
		{2F4FF850-2213-4CB1-A985-589E545B538D}.AppStore|Any CPU.ActiveCfg = Debug|Any CPU
		{2F4FF850-2213-4CB1-A985-589E545B538D}.AppStore|Any CPU.Build.0 = Debug|Any CPU
		{2F4FF850-2213-4CB1-A985-589E545B538D}.AppStore|ARM.ActiveCfg = Debug|Any CPU
		{2F4FF850-2213-4CB1-A985-589E545B538D}.AppStore|ARM.Build.0 = Debug|Any CPU
		{2F4FF850-2213-4CB1-A985-589E545B538D}.AppStore|iPhone.ActiveCfg = Debug|Any CPU
		{2F4FF850-2213-4CB1-A985-589E545B538D}.AppStore|iPhone.Build.0 = Debug|Any CPU
		{2F4FF850-2213-4CB1-A985-589E545B538D}.AppStore|iPhoneSimulator.ActiveCfg = Debug|Any CPU
		{2F4FF850-2213-4CB1-A985-589E545B538D}.AppStore|iPhoneSimulator.Build.0 = Debug|Any CPU
		{2F4FF850-2213-4CB1-A985-589E545B538D}.AppStore|x64.ActiveCfg = Debug|Any CPU
		{2F4FF850-2213-4CB1-A985-589E545B538D}.AppStore|x64.Build.0 = Debug|Any CPU
		{2F4FF850-2213-4CB1-A985-589E545B538D}.AppStore|x86.ActiveCfg = Debug|Any CPU
		{2F4FF850-2213-4CB1-A985-589E545B538D}.AppStore|x86.Build.0 = Debug|Any CPU
		{2F4FF850-2213-4CB1-A985-589E545B538D}.Debug|Any CPU.ActiveCfg = Debug|Any CPU
		{2F4FF850-2213-4CB1-A985-589E545B538D}.Debug|Any CPU.Build.0 = Debug|Any CPU
		{2F4FF850-2213-4CB1-A985-589E545B538D}.Debug|ARM.ActiveCfg = Debug|Any CPU
		{2F4FF850-2213-4CB1-A985-589E545B538D}.Debug|ARM.Build.0 = Debug|Any CPU
		{2F4FF850-2213-4CB1-A985-589E545B538D}.Debug|iPhone.ActiveCfg = Debug|Any CPU
		{2F4FF850-2213-4CB1-A985-589E545B538D}.Debug|iPhone.Build.0 = Debug|Any CPU
		{2F4FF850-2213-4CB1-A985-589E545B538D}.Debug|iPhoneSimulator.ActiveCfg = Debug|Any CPU
		{2F4FF850-2213-4CB1-A985-589E545B538D}.Debug|iPhoneSimulator.Build.0 = Debug|Any CPU
		{2F4FF850-2213-4CB1-A985-589E545B538D}.Debug|x64.ActiveCfg = Debug|Any CPU
		{2F4FF850-2213-4CB1-A985-589E545B538D}.Debug|x64.Build.0 = Debug|Any CPU
		{2F4FF850-2213-4CB1-A985-589E545B538D}.Debug|x86.ActiveCfg = Debug|Any CPU
		{2F4FF850-2213-4CB1-A985-589E545B538D}.Debug|x86.Build.0 = Debug|Any CPU
		{2F4FF850-2213-4CB1-A985-589E545B538D}.Release|Any CPU.ActiveCfg = Release|Any CPU
		{2F4FF850-2213-4CB1-A985-589E545B538D}.Release|Any CPU.Build.0 = Release|Any CPU
		{2F4FF850-2213-4CB1-A985-589E545B538D}.Release|ARM.ActiveCfg = Release|Any CPU
		{2F4FF850-2213-4CB1-A985-589E545B538D}.Release|ARM.Build.0 = Release|Any CPU
		{2F4FF850-2213-4CB1-A985-589E545B538D}.Release|iPhone.ActiveCfg = Release|Any CPU
		{2F4FF850-2213-4CB1-A985-589E545B538D}.Release|iPhone.Build.0 = Release|Any CPU
		{2F4FF850-2213-4CB1-A985-589E545B538D}.Release|iPhoneSimulator.ActiveCfg = Release|Any CPU
		{2F4FF850-2213-4CB1-A985-589E545B538D}.Release|iPhoneSimulator.Build.0 = Release|Any CPU
		{2F4FF850-2213-4CB1-A985-589E545B538D}.Release|x64.ActiveCfg = Release|Any CPU
		{2F4FF850-2213-4CB1-A985-589E545B538D}.Release|x64.Build.0 = Release|Any CPU
		{2F4FF850-2213-4CB1-A985-589E545B538D}.Release|x86.ActiveCfg = Release|Any CPU
		{2F4FF850-2213-4CB1-A985-589E545B538D}.Release|x86.Build.0 = Release|Any CPU
		{55CA0F39-4682-4CDF-9651-13DC103237B3}.Ad-Hoc|Any CPU.ActiveCfg = Release|Any CPU
		{55CA0F39-4682-4CDF-9651-13DC103237B3}.Ad-Hoc|Any CPU.Build.0 = Release|Any CPU
		{55CA0F39-4682-4CDF-9651-13DC103237B3}.Ad-Hoc|ARM.ActiveCfg = Release|Any CPU
		{55CA0F39-4682-4CDF-9651-13DC103237B3}.Ad-Hoc|ARM.Build.0 = Release|Any CPU
		{55CA0F39-4682-4CDF-9651-13DC103237B3}.Ad-Hoc|iPhone.ActiveCfg = Release|Any CPU
		{55CA0F39-4682-4CDF-9651-13DC103237B3}.Ad-Hoc|iPhone.Build.0 = Release|Any CPU
		{55CA0F39-4682-4CDF-9651-13DC103237B3}.Ad-Hoc|iPhoneSimulator.ActiveCfg = Release|Any CPU
		{55CA0F39-4682-4CDF-9651-13DC103237B3}.Ad-Hoc|iPhoneSimulator.Build.0 = Release|Any CPU
		{55CA0F39-4682-4CDF-9651-13DC103237B3}.Ad-Hoc|x64.ActiveCfg = Release|Any CPU
		{55CA0F39-4682-4CDF-9651-13DC103237B3}.Ad-Hoc|x64.Build.0 = Release|Any CPU
		{55CA0F39-4682-4CDF-9651-13DC103237B3}.Ad-Hoc|x86.ActiveCfg = Release|Any CPU
		{55CA0F39-4682-4CDF-9651-13DC103237B3}.Ad-Hoc|x86.Build.0 = Release|Any CPU
		{55CA0F39-4682-4CDF-9651-13DC103237B3}.AppStore|Any CPU.ActiveCfg = Release|Any CPU
		{55CA0F39-4682-4CDF-9651-13DC103237B3}.AppStore|Any CPU.Build.0 = Release|Any CPU
		{55CA0F39-4682-4CDF-9651-13DC103237B3}.AppStore|ARM.ActiveCfg = Release|Any CPU
		{55CA0F39-4682-4CDF-9651-13DC103237B3}.AppStore|ARM.Build.0 = Release|Any CPU
		{55CA0F39-4682-4CDF-9651-13DC103237B3}.AppStore|iPhone.ActiveCfg = Release|Any CPU
		{55CA0F39-4682-4CDF-9651-13DC103237B3}.AppStore|iPhone.Build.0 = Release|Any CPU
		{55CA0F39-4682-4CDF-9651-13DC103237B3}.AppStore|iPhoneSimulator.ActiveCfg = Release|Any CPU
		{55CA0F39-4682-4CDF-9651-13DC103237B3}.AppStore|iPhoneSimulator.Build.0 = Release|Any CPU
		{55CA0F39-4682-4CDF-9651-13DC103237B3}.AppStore|x64.ActiveCfg = Release|Any CPU
		{55CA0F39-4682-4CDF-9651-13DC103237B3}.AppStore|x64.Build.0 = Release|Any CPU
		{55CA0F39-4682-4CDF-9651-13DC103237B3}.AppStore|x86.ActiveCfg = Release|Any CPU
		{55CA0F39-4682-4CDF-9651-13DC103237B3}.AppStore|x86.Build.0 = Release|Any CPU
		{55CA0F39-4682-4CDF-9651-13DC103237B3}.Debug|Any CPU.ActiveCfg = Debug|Any CPU
		{55CA0F39-4682-4CDF-9651-13DC103237B3}.Debug|Any CPU.Build.0 = Debug|Any CPU
		{55CA0F39-4682-4CDF-9651-13DC103237B3}.Debug|ARM.ActiveCfg = Debug|Any CPU
		{55CA0F39-4682-4CDF-9651-13DC103237B3}.Debug|ARM.Build.0 = Debug|Any CPU
		{55CA0F39-4682-4CDF-9651-13DC103237B3}.Debug|iPhone.ActiveCfg = Debug|Any CPU
		{55CA0F39-4682-4CDF-9651-13DC103237B3}.Debug|iPhone.Build.0 = Debug|Any CPU
		{55CA0F39-4682-4CDF-9651-13DC103237B3}.Debug|iPhoneSimulator.ActiveCfg = Debug|Any CPU
		{55CA0F39-4682-4CDF-9651-13DC103237B3}.Debug|iPhoneSimulator.Build.0 = Debug|Any CPU
		{55CA0F39-4682-4CDF-9651-13DC103237B3}.Debug|x64.ActiveCfg = Debug|Any CPU
		{55CA0F39-4682-4CDF-9651-13DC103237B3}.Debug|x64.Build.0 = Debug|Any CPU
		{55CA0F39-4682-4CDF-9651-13DC103237B3}.Debug|x86.ActiveCfg = Debug|Any CPU
		{55CA0F39-4682-4CDF-9651-13DC103237B3}.Debug|x86.Build.0 = Debug|Any CPU
		{55CA0F39-4682-4CDF-9651-13DC103237B3}.Release|Any CPU.ActiveCfg = Release|Any CPU
		{55CA0F39-4682-4CDF-9651-13DC103237B3}.Release|Any CPU.Build.0 = Release|Any CPU
		{55CA0F39-4682-4CDF-9651-13DC103237B3}.Release|ARM.ActiveCfg = Release|Any CPU
		{55CA0F39-4682-4CDF-9651-13DC103237B3}.Release|ARM.Build.0 = Release|Any CPU
		{55CA0F39-4682-4CDF-9651-13DC103237B3}.Release|iPhone.ActiveCfg = Release|Any CPU
		{55CA0F39-4682-4CDF-9651-13DC103237B3}.Release|iPhone.Build.0 = Release|Any CPU
		{55CA0F39-4682-4CDF-9651-13DC103237B3}.Release|iPhoneSimulator.ActiveCfg = Release|Any CPU
		{55CA0F39-4682-4CDF-9651-13DC103237B3}.Release|iPhoneSimulator.Build.0 = Release|Any CPU
		{55CA0F39-4682-4CDF-9651-13DC103237B3}.Release|x64.ActiveCfg = Release|Any CPU
		{55CA0F39-4682-4CDF-9651-13DC103237B3}.Release|x64.Build.0 = Release|Any CPU
		{55CA0F39-4682-4CDF-9651-13DC103237B3}.Release|x86.ActiveCfg = Release|Any CPU
		{55CA0F39-4682-4CDF-9651-13DC103237B3}.Release|x86.Build.0 = Release|Any CPU
		{76861E32-C4CB-49EF-B420-338979283014}.Ad-Hoc|Any CPU.ActiveCfg = Debug|Any CPU
		{76861E32-C4CB-49EF-B420-338979283014}.Ad-Hoc|Any CPU.Build.0 = Debug|Any CPU
		{76861E32-C4CB-49EF-B420-338979283014}.Ad-Hoc|ARM.ActiveCfg = Debug|Any CPU
		{76861E32-C4CB-49EF-B420-338979283014}.Ad-Hoc|ARM.Build.0 = Debug|Any CPU
		{76861E32-C4CB-49EF-B420-338979283014}.Ad-Hoc|iPhone.ActiveCfg = Debug|Any CPU
		{76861E32-C4CB-49EF-B420-338979283014}.Ad-Hoc|iPhone.Build.0 = Debug|Any CPU
		{76861E32-C4CB-49EF-B420-338979283014}.Ad-Hoc|iPhoneSimulator.ActiveCfg = Debug|Any CPU
		{76861E32-C4CB-49EF-B420-338979283014}.Ad-Hoc|iPhoneSimulator.Build.0 = Debug|Any CPU
		{76861E32-C4CB-49EF-B420-338979283014}.Ad-Hoc|x64.ActiveCfg = Debug|Any CPU
		{76861E32-C4CB-49EF-B420-338979283014}.Ad-Hoc|x64.Build.0 = Debug|Any CPU
		{76861E32-C4CB-49EF-B420-338979283014}.Ad-Hoc|x86.ActiveCfg = Debug|Any CPU
		{76861E32-C4CB-49EF-B420-338979283014}.Ad-Hoc|x86.Build.0 = Debug|Any CPU
		{76861E32-C4CB-49EF-B420-338979283014}.AppStore|Any CPU.ActiveCfg = Debug|Any CPU
		{76861E32-C4CB-49EF-B420-338979283014}.AppStore|Any CPU.Build.0 = Debug|Any CPU
		{76861E32-C4CB-49EF-B420-338979283014}.AppStore|ARM.ActiveCfg = Debug|Any CPU
		{76861E32-C4CB-49EF-B420-338979283014}.AppStore|ARM.Build.0 = Debug|Any CPU
		{76861E32-C4CB-49EF-B420-338979283014}.AppStore|iPhone.ActiveCfg = Debug|Any CPU
		{76861E32-C4CB-49EF-B420-338979283014}.AppStore|iPhone.Build.0 = Debug|Any CPU
		{76861E32-C4CB-49EF-B420-338979283014}.AppStore|iPhoneSimulator.ActiveCfg = Debug|Any CPU
		{76861E32-C4CB-49EF-B420-338979283014}.AppStore|iPhoneSimulator.Build.0 = Debug|Any CPU
		{76861E32-C4CB-49EF-B420-338979283014}.AppStore|x64.ActiveCfg = Debug|Any CPU
		{76861E32-C4CB-49EF-B420-338979283014}.AppStore|x64.Build.0 = Debug|Any CPU
		{76861E32-C4CB-49EF-B420-338979283014}.AppStore|x86.ActiveCfg = Debug|Any CPU
		{76861E32-C4CB-49EF-B420-338979283014}.AppStore|x86.Build.0 = Debug|Any CPU
		{76861E32-C4CB-49EF-B420-338979283014}.Debug|Any CPU.ActiveCfg = Debug|Any CPU
		{76861E32-C4CB-49EF-B420-338979283014}.Debug|Any CPU.Build.0 = Debug|Any CPU
		{76861E32-C4CB-49EF-B420-338979283014}.Debug|ARM.ActiveCfg = Debug|Any CPU
		{76861E32-C4CB-49EF-B420-338979283014}.Debug|ARM.Build.0 = Debug|Any CPU
		{76861E32-C4CB-49EF-B420-338979283014}.Debug|iPhone.ActiveCfg = Debug|Any CPU
		{76861E32-C4CB-49EF-B420-338979283014}.Debug|iPhone.Build.0 = Debug|Any CPU
		{76861E32-C4CB-49EF-B420-338979283014}.Debug|iPhoneSimulator.ActiveCfg = Debug|Any CPU
		{76861E32-C4CB-49EF-B420-338979283014}.Debug|iPhoneSimulator.Build.0 = Debug|Any CPU
		{76861E32-C4CB-49EF-B420-338979283014}.Debug|x64.ActiveCfg = Debug|Any CPU
		{76861E32-C4CB-49EF-B420-338979283014}.Debug|x64.Build.0 = Debug|Any CPU
		{76861E32-C4CB-49EF-B420-338979283014}.Debug|x86.ActiveCfg = Debug|Any CPU
		{76861E32-C4CB-49EF-B420-338979283014}.Debug|x86.Build.0 = Debug|Any CPU
		{76861E32-C4CB-49EF-B420-338979283014}.Release|Any CPU.ActiveCfg = Release|Any CPU
		{76861E32-C4CB-49EF-B420-338979283014}.Release|Any CPU.Build.0 = Release|Any CPU
		{76861E32-C4CB-49EF-B420-338979283014}.Release|ARM.ActiveCfg = Release|Any CPU
		{76861E32-C4CB-49EF-B420-338979283014}.Release|ARM.Build.0 = Release|Any CPU
		{76861E32-C4CB-49EF-B420-338979283014}.Release|iPhone.ActiveCfg = Release|Any CPU
		{76861E32-C4CB-49EF-B420-338979283014}.Release|iPhone.Build.0 = Release|Any CPU
		{76861E32-C4CB-49EF-B420-338979283014}.Release|iPhoneSimulator.ActiveCfg = Release|Any CPU
		{76861E32-C4CB-49EF-B420-338979283014}.Release|iPhoneSimulator.Build.0 = Release|Any CPU
		{76861E32-C4CB-49EF-B420-338979283014}.Release|x64.ActiveCfg = Release|Any CPU
		{76861E32-C4CB-49EF-B420-338979283014}.Release|x64.Build.0 = Release|Any CPU
		{76861E32-C4CB-49EF-B420-338979283014}.Release|x86.ActiveCfg = Release|Any CPU
		{76861E32-C4CB-49EF-B420-338979283014}.Release|x86.Build.0 = Release|Any CPU
	EndGlobalSection
	GlobalSection(SolutionProperties) = preSolution
		HideSolutionNode = FALSE
	EndGlobalSection
	GlobalSection(ExtensibilityGlobals) = postSolution
		SolutionGuid = {02FCC705-C0BA-4795-BF54-C77FB761DD29}
	EndGlobalSection
EndGlobal
